
Microsoft Visual Studio Solution File, Format Version 12.00
# Visual Studio Version 16
VisualStudioVersion = 16.0.29926.136
MinimumVisualStudioVersion = 10.0.40219.1
Project("{FAE04EC0-301F-11D3-BF4B-00C04F79EFBC}") = "TestingSystem", "TestingSystem\TestingSystem.csproj", "{38FEEE93-8196-4F5D-A187-08EFE6AC160B}"
EndProject
Project("{FAE04EC0-301F-11D3-BF4B-00C04F79EFBC}") = "Server", "Server\Server.csproj", "{14F01D9C-70A2-41F8-B9A0-A3A340C36823}"
EndProject
Project("{9A19103F-16F7-4668-BE54-9A1E7A4F7556}") = "Client", "Client\Client.csproj", "{730F0863-C501-4464-9FEA-B9451F387600}"
EndProject
Global
	GlobalSection(SolutionConfigurationPlatforms) = preSolution
		Debug|Any CPU = Debug|Any CPU
		Release|Any CPU = Release|Any CPU
	EndGlobalSection
	GlobalSection(ProjectConfigurationPlatforms) = postSolution
		{38FEEE93-8196-4F5D-A187-08EFE6AC160B}.Debug|Any CPU.ActiveCfg = Debug|Any CPU
		{38FEEE93-8196-4F5D-A187-08EFE6AC160B}.Debug|Any CPU.Build.0 = Debug|Any CPU
		{38FEEE93-8196-4F5D-A187-08EFE6AC160B}.Release|Any CPU.ActiveCfg = Release|Any CPU
		{38FEEE93-8196-4F5D-A187-08EFE6AC160B}.Release|Any CPU.Build.0 = Release|Any CPU
		{14F01D9C-70A2-41F8-B9A0-A3A340C36823}.Debug|Any CPU.ActiveCfg = Debug|Any CPU
		{14F01D9C-70A2-41F8-B9A0-A3A340C36823}.Debug|Any CPU.Build.0 = Debug|Any CPU
		{14F01D9C-70A2-41F8-B9A0-A3A340C36823}.Release|Any CPU.ActiveCfg = Release|Any CPU
		{14F01D9C-70A2-41F8-B9A0-A3A340C36823}.Release|Any CPU.Build.0 = Release|Any CPU
		{730F0863-C501-4464-9FEA-B9451F387600}.Debug|Any CPU.ActiveCfg = Debug|Any CPU
		{730F0863-C501-4464-9FEA-B9451F387600}.Debug|Any CPU.Build.0 = Debug|Any CPU
		{730F0863-C501-4464-9FEA-B9451F387600}.Release|Any CPU.ActiveCfg = Release|Any CPU
		{730F0863-C501-4464-9FEA-B9451F387600}.Release|Any CPU.Build.0 = Release|Any CPU
	EndGlobalSection
	GlobalSection(SolutionProperties) = preSolution
		HideSolutionNode = FALSE
	EndGlobalSection
	GlobalSection(ExtensibilityGlobals) = postSolution
		SolutionGuid = {634C6384-4BF6-4660-84E3-A43847411EBC}
	EndGlobalSection
EndGlobal
